
Microsoft Visual Studio Solution File, Format Version 12.00
# Visual Studio 15
VisualStudioVersion = 15.0.26430.6
MinimumVisualStudioVersion = 10.0.40219.1
Project("{FAE04EC0-301F-11D3-BF4B-00C04F79EFBC}") = "SignalRWeb", "SignalRWeb\SignalRWeb.csproj", "{1CB92FE4-DB49-45AB-B6E7-DDF7F190413B}"
EndProject
Project("{FAE04EC0-301F-11D3-BF4B-00C04F79EFBC}") = "SignalRApi", "SignalRApi\SignalRApi.csproj", "{5EB3582B-F36C-4223-BE5A-E2BD45830550}"
EndProject
Project("{FAE04EC0-301F-11D3-BF4B-00C04F79EFBC}") = "Common", "Common\Common.csproj", "{FBE24FEF-C186-42FC-9493-ACCB493D124D}"
EndProject
Global
	GlobalSection(SolutionConfigurationPlatforms) = preSolution
		Debug|Any CPU = Debug|Any CPU
		Release|Any CPU = Release|Any CPU
	EndGlobalSection
	GlobalSection(ProjectConfigurationPlatforms) = postSolution
		{1CB92FE4-DB49-45AB-B6E7-DDF7F190413B}.Debug|Any CPU.ActiveCfg = Debug|Any CPU
		{1CB92FE4-DB49-45AB-B6E7-DDF7F190413B}.Debug|Any CPU.Build.0 = Debug|Any CPU
		{1CB92FE4-DB49-45AB-B6E7-DDF7F190413B}.Release|Any CPU.ActiveCfg = Release|Any CPU
		{1CB92FE4-DB49-45AB-B6E7-DDF7F190413B}.Release|Any CPU.Build.0 = Release|Any CPU
		{5EB3582B-F36C-4223-BE5A-E2BD45830550}.Debug|Any CPU.ActiveCfg = Debug|Any CPU
		{5EB3582B-F36C-4223-BE5A-E2BD45830550}.Debug|Any CPU.Build.0 = Debug|Any CPU
		{5EB3582B-F36C-4223-BE5A-E2BD45830550}.Release|Any CPU.ActiveCfg = Release|Any CPU
		{5EB3582B-F36C-4223-BE5A-E2BD45830550}.Release|Any CPU.Build.0 = Release|Any CPU
		{FBE24FEF-C186-42FC-9493-ACCB493D124D}.Debug|Any CPU.ActiveCfg = Debug|Any CPU
		{FBE24FEF-C186-42FC-9493-ACCB493D124D}.Debug|Any CPU.Build.0 = Debug|Any CPU
		{FBE24FEF-C186-42FC-9493-ACCB493D124D}.Release|Any CPU.ActiveCfg = Release|Any CPU
		{FBE24FEF-C186-42FC-9493-ACCB493D124D}.Release|Any CPU.Build.0 = Release|Any CPU
	EndGlobalSection
	GlobalSection(SolutionProperties) = preSolution
		HideSolutionNode = FALSE
	EndGlobalSection
EndGlobal
